[[package]]
name = "boltons"
version = "21.0.0"
description = "When they're not builtins, they're boltons."
category = "main"
optional = false
python-versions = "*"

[[package]]
name = "parse"
version = "1.19.0"
description = "parse() is the opposite of format()"
category = "main"
optional = false
python-versions = "*"

[metadata]
lock-version = "1.1"
python-versions = "^3.9"
content-hash = "40471823425e4073baa8ba44222404f74a4a712344a13f457afd7a586bd60cbf"

[metadata.files]
boltons = [
    {file = "boltons-21.0.0-py2.py3-none-any.whl", hash = "sha256:b9bb7b58b2b420bbe11a6025fdef6d3e5edc9f76a42fb467afe7ca212ef9948b"},
    {file = "boltons-21.0.0.tar.gz", hash = "sha256:65e70a79a731a7fe6e98592ecfb5ccf2115873d01dbc576079874629e5c90f13"},
]
parse = [
    {file = "parse-1.19.0.tar.gz", hash = "sha256:9ff82852bcb65d139813e2a5197627a94966245c897796760a3a2a8eb66f020b"},
]
